// !$*UTF8*$!
{
	archiveVersion = 1;
	classes = {
	};
	objectVersion = 56;
	objects = {

/* Begin PBXBuildFile section */
		D59867972CE4A2AE000C210C /* Assets.xcassets in Resources */ = {isa = PBXBuildFile; fileRef = D59867962CE4A2AE000C210C /* Assets.xcassets */; };
		D59867A42CE4A2AE000C210C /* iOSTaskTests.swift in Sources */ = {isa = PBXBuildFile; fileRef = D59867A32CE4A2AE000C210C /* iOSTaskTests.swift */; };
		D59867AE2CE4A2AE000C210C /* iOSTaskUITests.swift in Sources */ = {isa = PBXBuildFile; fileRef = D59867AD2CE4A2AE000C210C /* iOSTaskUITests.swift */; };
		D59867B02CE4A2AE000C210C /* iOSTaskUITestsLaunchTests.swift in Sources */ = {isa = PBXBuildFile; fileRef = D59867AF2CE4A2AE000C210C /* iOSTaskUITestsLaunchTests.swift */; };
		D59867C42CE4AF8C000C210C /* activity-response-ios.json in Resources */ = {isa = PBXBuildFile; fileRef = D59867C32CE4AF8C000C210C /* activity-response-ios.json */; };
		D59867CE2CE4C72A000C210C /* Launch Screen.storyboard in Resources */ = {isa = PBXBuildFile; fileRef = D59867CD2CE4C72A000C210C /* Launch Screen.storyboard */; };
		D59867D02CE4C7A5000C210C /* MultipleChoiceViewController.swift in Sources */ = {isa = PBXBuildFile; fileRef = D59867CF2CE4C7A5000C210C /* MultipleChoiceViewController.swift */; };
		D5F6D6D52CE4D0200076C948 /* Main.storyboard in Resources */ = {isa = PBXBuildFile; fileRef = D5F6D6D42CE4D0200076C948 /* Main.storyboard */; };
		D5F6D6F32CE4E32B0076C948 /* AppDelegate.swift in Sources */ = {isa = PBXBuildFile; fileRef = D5F6D6F22CE4E32B0076C948 /* AppDelegate.swift */; };
		D5F6D6F52CE4E33D0076C948 /* SceneDelegate.swift in Sources */ = {isa = PBXBuildFile; fileRef = D5F6D6F42CE4E33D0076C948 /* SceneDelegate.swift */; };
		D5F6D6F72CE4E7180076C948 /* MainViewController.swift in Sources */ = {isa = PBXBuildFile; fileRef = D5F6D6F62CE4E7180076C948 /* MainViewController.swift */; };
		D5F6D6FA2CE4E8290076C948 /* NetworkManager.swift in Sources */ = {isa = PBXBuildFile; fileRef = D5F6D6F92CE4E8290076C948 /* NetworkManager.swift */; };
		D5F6D6FE2CE4E9DC0076C948 /* ScreenModel.swift in Sources */ = {isa = PBXBuildFile; fileRef = D5F6D6FD2CE4E9DC0076C948 /* ScreenModel.swift */; };
		D5F6D7002CE4ECB20076C948 /* ScreenViewModel.swift in Sources */ = {isa = PBXBuildFile; fileRef = D5F6D6FF2CE4ECB20076C948 /* ScreenViewModel.swift */; };
/* End PBXBuildFile section */

/* Begin PBXContainerItemProxy section */
		D59867A02CE4A2AE000C210C /* PBXContainerItemProxy */ = {
			isa = PBXContainerItemProxy;
			containerPortal = D59867872CE4A2AA000C210C /* Project object */;
			proxyType = 1;
			remoteGlobalIDString = D598678E2CE4A2AA000C210C;
			remoteInfo = iOSTask;
		};
		D59867AA2CE4A2AE000C210C /* PBXContainerItemProxy */ = {
			isa = PBXContainerItemProxy;
			containerPortal = D59867872CE4A2AA000C210C /* Project object */;
			proxyType = 1;
			remoteGlobalIDString = D598678E2CE4A2AA000C210C;
			remoteInfo = iOSTask;
		};
/* End PBXContainerItemProxy section */

/* Begin PBXFileReference section */
		D598678F2CE4A2AA000C210C /* iOSTask.app */ = {isa = PBXFileReference; explicitFileType = wrapper.application; includeInIndex = 0; path = iOSTask.app; sourceTree = BUILT_PRODUCTS_DIR; };
		D59867962CE4A2AE000C210C /* Assets.xcassets */ = {isa = PBXFileReference; lastKnownFileType = folder.assetcatalog; path = Assets.xcassets; sourceTree = "<group>"; };
		D598679F2CE4A2AE000C210C /* iOSTaskTests.xctest */ = {isa = PBXFileReference; explicitFileType = wrapper.cfbundle; includeInIndex = 0; path = iOSTaskTests.xctest; sourceTree = BUILT_PRODUCTS_DIR; };
		D59867A32CE4A2AE000C210C /* iOSTaskTests.swift */ = {isa = PBXFileReference; lastKnownFileType = sourcecode.swift; path = iOSTaskTests.swift; sourceTree = "<group>"; };
		D59867A92CE4A2AE000C210C /* iOSTaskUITests.xctest */ = {isa = PBXFileReference; explicitFileType = wrapper.cfbundle; includeInIndex = 0; path = iOSTaskUITests.xctest; sourceTree = BUILT_PRODUCTS_DIR; };
		D59867AD2CE4A2AE000C210C /* iOSTaskUITests.swift */ = {isa = PBXFileReference; lastKnownFileType = sourcecode.swift; path = iOSTaskUITests.swift; sourceTree = "<group>"; };
		D59867AF2CE4A2AE000C210C /* iOSTaskUITestsLaunchTests.swift */ = {isa = PBXFileReference; lastKnownFileType = sourcecode.swift; path = iOSTaskUITestsLaunchTests.swift; sourceTree = "<group>"; };
		D59867C32CE4AF8C000C210C /* activity-response-ios.json */ = {isa = PBXFileReference; fileEncoding = 4; lastKnownFileType = text.json; path = "activity-response-ios.json"; sourceTree = "<group>"; };
		D59867CD2CE4C72A000C210C /* Launch Screen.storyboard */ = {isa = PBXFileReference; lastKnownFileType = file.storyboard; path = "Launch Screen.storyboard"; sourceTree = "<group>"; };
		D59867CF2CE4C7A5000C210C /* MultipleChoiceViewController.swift */ = {isa = PBXFileReference; lastKnownFileType = sourcecode.swift; path = MultipleChoiceViewController.swift; sourceTree = "<group>"; };
		D59867D12CE4CA9F000C210C /* Info.plist */ = {isa = PBXFileReference; lastKnownFileType = text.plist; path = Info.plist; sourceTree = "<group>"; };
		D5F6D6D32CE4D0200076C948 /* Base */ = {isa = PBXFileReference; lastKnownFileType = file.storyboard; name = Base; path = Base.lproj/Main.storyboard; sourceTree = "<group>"; };
		D5F6D6F22CE4E32B0076C948 /* AppDelegate.swift */ = {isa = PBXFileReference; lastKnownFileType = sourcecode.swift; path = AppDelegate.swift; sourceTree = "<group>"; };
		D5F6D6F42CE4E33D0076C948 /* SceneDelegate.swift */ = {isa = PBXFileReference; lastKnownFileType = sourcecode.swift; path = SceneDelegate.swift; sourceTree = "<group>"; };
		D5F6D6F62CE4E7180076C948 /* MainViewController.swift */ = {isa = PBXFileReference; lastKnownFileType = sourcecode.swift; path = MainViewController.swift; sourceTree = "<group>"; };
		D5F6D6F92CE4E8290076C948 /* NetworkManager.swift */ = {isa = PBXFileReference; lastKnownFileType = sourcecode.swift; path = NetworkManager.swift; sourceTree = "<group>"; };
		D5F6D6FD2CE4E9DC0076C948 /* ScreenModel.swift */ = {isa = PBXFileReference; lastKnownFileType = sourcecode.swift; path = ScreenModel.swift; sourceTree = "<group>"; };
		D5F6D6FF2CE4ECB20076C948 /* ScreenViewModel.swift */ = {isa = PBXFileReference; lastKnownFileType = sourcecode.swift; path = ScreenViewModel.swift; sourceTree = "<group>"; };
/* End PBXFileReference section */

/* Begin PBXFrameworksBuildPhase section */
		D598678C2CE4A2AA000C210C /* Frameworks */ = {
			isa = PBXFrameworksBuildPhase;
			buildActionMask = 2147483647;
			files = (
			);
			runOnlyForDeploymentPostprocessing = 0;
		};
		D598679C2CE4A2AE000C210C /* Frameworks */ = {
			isa = PBXFrameworksBuildPhase;
			buildActionMask = 2147483647;
			files = (
			);
			runOnlyForDeploymentPostprocessing = 0;
		};
		D59867A62CE4A2AE000C210C /* Frameworks */ = {
			isa = PBXFrameworksBuildPhase;
			buildActionMask = 2147483647;
			files = (
			);
			runOnlyForDeploymentPostprocessing = 0;
		};
/* End PBXFrameworksBuildPhase section */

/* Begin PBXGroup section */
		D59867862CE4A2AA000C210C = {
			isa = PBXGroup;
			children = (
				D59867912CE4A2AA000C210C /* iOSTask */,
				D59867A22CE4A2AE000C210C /* iOSTaskTests */,
				D59867AC2CE4A2AE000C210C /* iOSTaskUITests */,
				D59867902CE4A2AA000C210C /* Products */,
			);
			sourceTree = "<group>";
		};
		D59867902CE4A2AA000C210C /* Products */ = {
			isa = PBXGroup;
			children = (
				D598678F2CE4A2AA000C210C /* iOSTask.app */,
				D598679F2CE4A2AE000C210C /* iOSTaskTests.xctest */,
				D59867A92CE4A2AE000C210C /* iOSTaskUITests.xctest */,
			);
			name = Products;
			sourceTree = "<group>";
		};
		D59867912CE4A2AA000C210C /* iOSTask */ = {
			isa = PBXGroup;
			children = (
				D59867D12CE4CA9F000C210C /* Info.plist */,
				D59867C52CE4AFD2000C210C /* Sources */,
				D59867C12CE4AF69000C210C /* Resources */,
				D59867BE2CE4AC31000C210C /* AppDelegate */,
			);
			path = iOSTask;
			sourceTree = "<group>";
		};
		D59867A22CE4A2AE000C210C /* iOSTaskTests */ = {
			isa = PBXGroup;
			children = (
				D59867A32CE4A2AE000C210C /* iOSTaskTests.swift */,
			);
			path = iOSTaskTests;
			sourceTree = "<group>";
		};
		D59867AC2CE4A2AE000C210C /* iOSTaskUITests */ = {
			isa = PBXGroup;
			children = (
				D59867AD2CE4A2AE000C210C /* iOSTaskUITests.swift */,
				D59867AF2CE4A2AE000C210C /* iOSTaskUITestsLaunchTests.swift */,
			);
			path = iOSTaskUITests;
			sourceTree = "<group>";
		};
		D59867BE2CE4AC31000C210C /* AppDelegate */ = {
			isa = PBXGroup;
			children = (
				D5F6D6F22CE4E32B0076C948 /* AppDelegate.swift */,
				D5F6D6F42CE4E33D0076C948 /* SceneDelegate.swift */,
			);
			path = AppDelegate;
			sourceTree = "<group>";
		};
		D59867C12CE4AF69000C210C /* Resources */ = {
			isa = PBXGroup;
			children = (
				D59867C22CE4AF75000C210C /* JSON */,
				D59867962CE4A2AE000C210C /* Assets.xcassets */,
				D5F6D6D42CE4D0200076C948 /* Main.storyboard */,
				D59867CD2CE4C72A000C210C /* Launch Screen.storyboard */,
			);
			path = Resources;
			sourceTree = "<group>";
		};
		D59867C22CE4AF75000C210C /* JSON */ = {
			isa = PBXGroup;
			children = (
				D59867C32CE4AF8C000C210C /* activity-response-ios.json */,
			);
			path = JSON;
			sourceTree = "<group>";
		};
		D59867C52CE4AFD2000C210C /* Sources */ = {
			isa = PBXGroup;
			children = (
				D5F6D6F82CE4E8100076C948 /* Managers */,
				D59867CA2CE4B2D4000C210C /* Modules */,
				D59867C72CE4AFF8000C210C /* ViewModels */,
				D59867C62CE4AFEF000C210C /* Models */,
			);
			path = Sources;
			sourceTree = "<group>";
		};
		D59867C62CE4AFEF000C210C /* Models */ = {
			isa = PBXGroup;
			children = (
				D5F6D6FD2CE4E9DC0076C948 /* ScreenModel.swift */,
			);
			path = Models;
			sourceTree = "<group>";
		};
		D59867C72CE4AFF8000C210C /* ViewModels */ = {
			isa = PBXGroup;
			children = (
				D5F6D6FF2CE4ECB20076C948 /* ScreenViewModel.swift */,
			);
			path = ViewModels;
			sourceTree = "<group>";
		};
		D59867CA2CE4B2D4000C210C /* Modules */ = {
			isa = PBXGroup;
			children = (
				D59867CF2CE4C7A5000C210C /* MultipleChoiceViewController.swift */,
				D5F6D6F62CE4E7180076C948 /* MainViewController.swift */,
			);
			path = Modules;
			sourceTree = "<group>";
		};
		D5F6D6F82CE4E8100076C948 /* Managers */ = {
			isa = PBXGroup;
			children = (
				D5F6D6F92CE4E8290076C948 /* NetworkManager.swift */,
			);
			path = Managers;
			sourceTree = "<group>";
		};
/* End PBXGroup section */

/* Begin PBXNativeTarget section */
		D598678E2CE4A2AA000C210C /* iOSTask */ = {
			isa = PBXNativeTarget;
			buildConfigurationList = D59867B32CE4A2AE000C210C /* Build configuration list for PBXNativeTarget "iOSTask" */;
			buildPhases = (
				D598678B2CE4A2AA000C210C /* Sources */,
				D598678C2CE4A2AA000C210C /* Frameworks */,
				D598678D2CE4A2AA000C210C /* Resources */,
			);
			buildRules = (
			);
			dependencies = (
			);
			name = iOSTask;
			productName = iOSTask;
			productReference = D598678F2CE4A2AA000C210C /* iOSTask.app */;
			productType = "com.apple.product-type.application";
		};
		D598679E2CE4A2AE000C210C /* iOSTaskTests */ = {
			isa = PBXNativeTarget;
			buildConfigurationList = D59867B62CE4A2AE000C210C /* Build configuration list for PBXNativeTarget "iOSTaskTests" */;
			buildPhases = (
				D598679B2CE4A2AE000C210C /* Sources */,
				D598679C2CE4A2AE000C210C /* Frameworks */,
				D598679D2CE4A2AE000C210C /* Resources */,
			);
			buildRules = (
			);
			dependencies = (
				D59867A12CE4A2AE000C210C /* PBXTargetDependency */,
			);
			name = iOSTaskTests;
			productName = iOSTaskTests;
			productReference = D598679F2CE4A2AE000C210C /* iOSTaskTests.xctest */;
			productType = "com.apple.product-type.bundle.unit-test";
		};
		D59867A82CE4A2AE000C210C /* iOSTaskUITests */ = {
			isa = PBXNativeTarget;
			buildConfigurationList = D59867B92CE4A2AE000C210C /* Build configuration list for PBXNativeTarget "iOSTaskUITests" */;
			buildPhases = (
				D59867A52CE4A2AE000C210C /* Sources */,
				D59867A62CE4A2AE000C210C /* Frameworks */,
				D59867A72CE4A2AE000C210C /* Resources */,
			);
			buildRules = (
			);
			dependencies = (
				D59867AB2CE4A2AE000C210C /* PBXTargetDependency */,
			);
			name = iOSTaskUITests;
			productName = iOSTaskUITests;
			productReference = D59867A92CE4A2AE000C210C /* iOSTaskUITests.xctest */;
			productType = "com.apple.product-type.bundle.ui-testing";
		};
/* End PBXNativeTarget section */

/* Begin PBXProject section */
		D59867872CE4A2AA000C210C /* Project object */ = {
			isa = PBXProject;
			attributes = {
				BuildIndependentTargetsInParallel = 1;
				LastSwiftUpdateCheck = 1540;
				LastUpgradeCheck = 1540;
				TargetAttributes = {
					D598678E2CE4A2AA000C210C = {
						CreatedOnToolsVersion = 15.4;
					};
					D598679E2CE4A2AE000C210C = {
						CreatedOnToolsVersion = 15.4;
						TestTargetID = D598678E2CE4A2AA000C210C;
					};
					D59867A82CE4A2AE000C210C = {
						CreatedOnToolsVersion = 15.4;
						TestTargetID = D598678E2CE4A2AA000C210C;
					};
				};
			};
			buildConfigurationList = D598678A2CE4A2AA000C210C /* Build configuration list for PBXProject "iOSTask" */;
			compatibilityVersion = "Xcode 14.0";
			developmentRegion = en;
			hasScannedForEncodings = 0;
			knownRegions = (
				en,
				Base,
			);
			mainGroup = D59867862CE4A2AA000C210C;
			productRefGroup = D59867902CE4A2AA000C210C /* Products */;
			projectDirPath = "";
			projectRoot = "";
			targets = (
				D598678E2CE4A2AA000C210C /* iOSTask */,
				D598679E2CE4A2AE000C210C /* iOSTaskTests */,
				D59867A82CE4A2AE000C210C /* iOSTaskUITests */,
			);
		};
/* End PBXProject section */

/* Begin PBXResourcesBuildPhase section */
		D598678D2CE4A2AA000C210C /* Resources */ = {
			isa = PBXResourcesBuildPhase;
			buildActionMask = 2147483647;
			files = (
				D5F6D6D52CE4D0200076C948 /* Main.storyboard in Resources */,
				D59867972CE4A2AE000C210C /* Assets.xcassets in Resources */,
				D59867CE2CE4C72A000C210C /* Launch Screen.storyboard in Resources */,
				D59867C42CE4AF8C000C210C /* activity-response-ios.json in Resources */,
			);
			runOnlyForDeploymentPostprocessing = 0;
		};
		D598679D2CE4A2AE000C210C /* Resources */ = {
			isa = PBXResourcesBuildPhase;
			buildActionMask = 2147483647;
			files = (
			);
			runOnlyForDeploymentPostprocessing = 0;
		};
		D59867A72CE4A2AE000C210C /* Resources */ = {
			isa = PBXResourcesBuildPhase;
			buildActionMask = 2147483647;
			files = (
			);
			runOnlyForDeploymentPostprocessing = 0;
		};
/* End PBXResourcesBuildPhase section */

/* Begin PBXSourcesBuildPhase section */
		D598678B2CE4A2AA000C210C /* Sources */ = {
			isa = PBXSourcesBuildPhase;
			buildActionMask = 2147483647;
			files = (
				D5F6D6FA2CE4E8290076C948 /* NetworkManager.swift in Sources */,
				D5F6D6FE2CE4E9DC0076C948 /* ScreenModel.swift in Sources */,
				D5F6D6F52CE4E33D0076C948 /* SceneDelegate.swift in Sources */,
				D5F6D6F32CE4E32B0076C948 /* AppDelegate.swift in Sources */,
				D5F6D7002CE4ECB20076C948 /* ScreenViewModel.swift in Sources */,
				D59867D02CE4C7A5000C210C /* MultipleChoiceViewController.swift in Sources */,
				D5F6D6F72CE4E7180076C948 /* MainViewController.swift in Sources */,
			);
			runOnlyForDeploymentPostprocessing = 0;
		};
		D598679B2CE4A2AE000C210C /* Sources */ = {
			isa = PBXSourcesBuildPhase;
			buildActionMask = 2147483647;
			files = (
				D59867A42CE4A2AE000C210C /* iOSTaskTests.swift in Sources */,
			);
			runOnlyForDeploymentPostprocessing = 0;
		};
		D59867A52CE4A2AE000C210C /* Sources */ = {
			isa = PBXSourcesBuildPhase;
			buildActionMask = 2147483647;
			files = (
				D59867AE2CE4A2AE000C210C /* iOSTaskUITests.swift in Sources */,
				D59867B02CE4A2AE000C210C /* iOSTaskUITestsLaunchTests.swift in Sources */,
			);
			runOnlyForDeploymentPostprocessing = 0;
		};
/* End PBXSourcesBuildPhase section */

/* Begin PBXTargetDependency section */
		D59867A12CE4A2AE000C210C /* PBXTargetDependency */ = {
			isa = PBXTargetDependency;
			target = D598678E2CE4A2AA000C210C /* iOSTask */;
			targetProxy = D59867A02CE4A2AE000C210C /* PBXContainerItemProxy */;
		};
		D59867AB2CE4A2AE000C210C /* PBXTargetDependency */ = {
			isa = PBXTargetDependency;
			target = D598678E2CE4A2AA000C210C /* iOSTask */;
			targetProxy = D59867AA2CE4A2AE000C210C /* PBXContainerItemProxy */;
		};
/* End PBXTargetDependency section */

/* Begin PBXVariantGroup section */
		D5F6D6D42CE4D0200076C948 /* Main.storyboard */ = {
			isa = PBXVariantGroup;
			children = (
				D5F6D6D32CE4D0200076C948 /* Base */,
			);
			name = Main.storyboard;
			sourceTree = "<group>";
		};
/* End PBXVariantGroup section */

/* Begin XCBuildConfiguration section */
		D59867B12CE4A2AE000C210C /* Debug */ = {
			isa = XCBuildConfiguration;
			buildSettings = {
				ALWAYS_SEARCH_USER_PATHS = NO;
				ASSETCATALOG_COMPILER_GENERATE_SWIFT_ASSET_SYMBOL_EXTENSIONS = YES;
				CLANG_ANALYZER_NONNULL = YES;
				CLANG_ANALYZER_NUMBER_OBJECT_CONVERSION = YES_AGGRESSIVE;
				CLANG_CXX_LANGUAGE_STANDARD = "gnu++20";
				CLANG_ENABLE_MODULES = YES;
				CLANG_ENABLE_OBJC_ARC = YES;
				CLANG_ENABLE_OBJC_WEAK = YES;
				CLANG_WARN_BLOCK_CAPTURE_AUTORELEASING = YES;
				CLANG_WARN_BOOL_CONVERSION = YES;
				CLANG_WARN_COMMA = YES;
				CLANG_WARN_CONSTANT_CONVERSION = YES;
				CLANG_WARN_DEPRECATED_OBJC_IMPLEMENTATIONS = YES;
				CLANG_WARN_DIRECT_OBJC_ISA_USAGE = YES_ERROR;
				CLANG_WARN_DOCUMENTATION_COMMENTS = YES;
				CLANG_WARN_EMPTY_BODY = YES;
				CLANG_WARN_ENUM_CONVERSION = YES;
				CLANG_WARN_INFINITE_RECURSION = YES;
				CLANG_WARN_INT_CONVERSION = YES;
				CLANG_WARN_NON_LITERAL_NULL_CONVERSION = YES;
				CLANG_WARN_OBJC_IMPLICIT_RETAIN_SELF = YES;
				CLANG_WARN_OBJC_LITERAL_CONVERSION = YES;
				CLANG_WARN_OBJC_ROOT_CLASS = YES_ERROR;
				CLANG_WARN_QUOTED_INCLUDE_IN_FRAMEWORK_HEADER = YES;
				CLANG_WARN_RANGE_LOOP_ANALYSIS = YES;
				CLANG_WARN_STRICT_PROTOTYPES = YES;
				CLANG_WARN_SUSPICIOUS_MOVE = YES;
				CLANG_WARN_UNGUARDED_AVAILABILITY = YES_AGGRESSIVE;
				CLANG_WARN_UNREACHABLE_CODE = YES;
				CLANG_WARN__DUPLICATE_METHOD_MATCH = YES;
				COPY_PHASE_STRIP = NO;
				DEBUG_INFORMATION_FORMAT = dwarf;
				ENABLE_STRICT_OBJC_MSGSEND = YES;
				ENABLE_TESTABILITY = YES;
				ENABLE_USER_SCRIPT_SANDBOXING = YES;
				GCC_C_LANGUAGE_STANDARD = gnu17;
				GCC_DYNAMIC_NO_PIC = NO;
				GCC_NO_COMMON_BLOCKS = YES;
				GCC_OPTIMIZATION_LEVEL = 0;
				GCC_PREPROCESSOR_DEFINITIONS = (
					"DEBUG=1",
					"$(inherited)",
				);
				GCC_WARN_64_TO_32_BIT_CONVERSION = YES;
				GCC_WARN_ABOUT_RETURN_TYPE = YES_ERROR;
				GCC_WARN_UNDECLARED_SELECTOR = YES;
				GCC_WARN_UNINITIALIZED_AUTOS = YES_AGGRESSIVE;
				GCC_WARN_UNUSED_FUNCTION = YES;
				GCC_WARN_UNUSED_VARIABLE = YES;
				IPHONEOS_DEPLOYMENT_TARGET = 17.5;
				LOCALIZATION_PREFERS_STRING_CATALOGS = YES;
				MTL_ENABLE_DEBUG_INFO = INCLUDE_SOURCE;
				MTL_FAST_MATH = YES;
				ONLY_ACTIVE_ARCH = YES;
				SDKROOT = iphoneos;
				SWIFT_ACTIVE_COMPILATION_CONDITIONS = "DEBUG $(inherited)";
				SWIFT_OPTIMIZATION_LEVEL = "-Onone";
			};
			name = Debug;
		};
		D59867B22CE4A2AE000C210C /* Release */ = {
			isa = XCBuildConfiguration;
			buildSettings = {
				ALWAYS_SEARCH_USER_PATHS = NO;
				ASSETCATALOG_COMPILER_GENERATE_SWIFT_ASSET_SYMBOL_EXTENSIONS = YES;
				CLANG_ANALYZER_NONNULL = YES;
				CLANG_ANALYZER_NUMBER_OBJECT_CONVERSION = YES_AGGRESSIVE;
				CLANG_CXX_LANGUAGE_STANDARD = "gnu++20";
				CLANG_ENABLE_MODULES = YES;
				CLANG_ENABLE_OBJC_ARC = YES;
				CLANG_ENABLE_OBJC_WEAK = YES;
				CLANG_WARN_BLOCK_CAPTURE_AUTORELEASING = YES;
				CLANG_WARN_BOOL_CONVERSION = YES;
				CLANG_WARN_COMMA = YES;
				CLANG_WARN_CONSTANT_CONVERSION = YES;
				CLANG_WARN_DEPRECATED_OBJC_IMPLEMENTATIONS = YES;
				CLANG_WARN_DIRECT_OBJC_ISA_USAGE = YES_ERROR;
				CLANG_WARN_DOCUMENTATION_COMMENTS = YES;
				CLANG_WARN_EMPTY_BODY = YES;
				CLANG_WARN_ENUM_CONVERSION = YES;
				CLANG_WARN_INFINITE_RECURSION = YES;
				CLANG_WARN_INT_CONVERSION = YES;
				CLANG_WARN_NON_LITERAL_NULL_CONVERSION = YES;
				CLANG_WARN_OBJC_IMPLICIT_RETAIN_SELF = YES;
				CLANG_WARN_OBJC_LITERAL_CONVERSION = YES;
				CLANG_WARN_OBJC_ROOT_CLASS = YES_ERROR;
				CLANG_WARN_QUOTED_INCLUDE_IN_FRAMEWORK_HEADER = YES;
				CLANG_WARN_RANGE_LOOP_ANALYSIS = YES;
				CLANG_WARN_STRICT_PROTOTYPES = YES;
				CLANG_WARN_SUSPICIOUS_MOVE = YES;
				CLANG_WARN_UNGUARDED_AVAILABILITY = YES_AGGRESSIVE;
				CLANG_WARN_UNREACHABLE_CODE = YES;
				CLANG_WARN__DUPLICATE_METHOD_MATCH = YES;
				COPY_PHASE_STRIP = NO;
				DEBUG_INFORMATION_FORMAT = "dwarf-with-dsym";
				ENABLE_NS_ASSERTIONS = NO;
				ENABLE_STRICT_OBJC_MSGSEND = YES;
				ENABLE_USER_SCRIPT_SANDBOXING = YES;
				GCC_C_LANGUAGE_STANDARD = gnu17;
				GCC_NO_COMMON_BLOCKS = YES;
				GCC_WARN_64_TO_32_BIT_CONVERSION = YES;
				GCC_WARN_ABOUT_RETURN_TYPE = YES_ERROR;
				GCC_WARN_UNDECLARED_SELECTOR = YES;
				GCC_WARN_UNINITIALIZED_AUTOS = YES_AGGRESSIVE;
				GCC_WARN_UNUSED_FUNCTION = YES;
				GCC_WARN_UNUSED_VARIABLE = YES;
				IPHONEOS_DEPLOYMENT_TARGET = 17.5;
				LOCALIZATION_PREFERS_STRING_CATALOGS = YES;
				MTL_ENABLE_DEBUG_INFO = NO;
				MTL_FAST_MATH = YES;
				SDKROOT = iphoneos;
				SWIFT_COMPILATION_MODE = wholemodule;
				VALIDATE_PRODUCT = YES;
			};
			name = Release;
		};
		D59867B42CE4A2AE000C210C /* Debug */ = {
			isa = XCBuildConfiguration;
			buildSettings = {
				ASSETCATALOG_COMPILER_APPICON_NAME = AppIcon;
				ASSETCATALOG_COMPILER_GLOBAL_ACCENT_COLOR_NAME = AccentColor;
				CODE_SIGN_STYLE = Automatic;
				CURRENT_PROJECT_VERSION = 1;
				DEVELOPMENT_ASSET_PATHS = "\"iOSTask/Preview Content\"";
				ENABLE_PREVIEWS = YES;
				GENERATE_INFOPLIST_FILE = YES;
				INFOPLIST_FILE = iOSTask/Info.plist;
				INFOPLIST_KEY_UIApplicationSupportsIndirectInputEvents = YES;
				INFOPLIST_KEY_UILaunchStoryboardName = "Launch Screen.storyboard";
				INFOPLIST_KEY_UIMainStoryboardFile = Main;
				INFOPLIST_KEY_UISupportedInterfaceOrientations_iPad = "UIInterfaceOrientationPortrait UIInterfaceOrientationPortraitUpsideDown UIInterfaceOrientationLandscapeLeft UIInterfaceOrientationLandscapeRight";
				INFOPLIST_KEY_UISupportedInterfaceOrientations_iPhone = "UIInterfaceOrientationPortrait UIInterfaceOrientationLandscapeLeft UIInterfaceOrientationLandscapeRight";
				IPHONEOS_DEPLOYMENT_TARGET = 15.0;
				LD_RUNPATH_SEARCH_PATHS = (
					"$(inherited)",
					"@executable_path/Frameworks",
				);
				MARKETING_VERSION = 1.0;
				PRODUCT_BUNDLE_IDENTIFIER = com.ota.iOSTask;
				PRODUCT_NAME = "$(TARGET_NAME)";
				SWIFT_EMIT_LOC_STRINGS = YES;
				SWIFT_VERSION = 5.0;
				TARGETED_DEVICE_FAMILY = "1,2";
			};
			name = Debug;
		};
		D59867B52CE4A2AE000C210C /* Release */ = {
			isa = XCBuildConfiguration;
			buildSettings = {
				ASSETCATALOG_COMPILER_APPICON_NAME = AppIcon;
				ASSETCATALOG_COMPILER_GLOBAL_ACCENT_COLOR_NAME = AccentColor;
				CODE_SIGN_STYLE = Automatic;
				CURRENT_PROJECT_VERSION = 1;
				DEVELOPMENT_ASSET_PATHS = "\"iOSTask/Preview Content\"";
				ENABLE_PREVIEWS = YES;
				GENERATE_INFOPLIST_FILE = YES;
				INFOPLIST_FILE = iOSTask/Info.plist;
				INFOPLIST_KEY_UIApplicationSupportsIndirectInputEvents = YES;
				INFOPLIST_KEY_UILaunchStoryboardName = "Launch Screen.storyboard";
				INFOPLIST_KEY_UIMainStoryboardFile = Main;
				INFOPLIST_KEY_UISupportedInterfaceOrientations_iPad = "UIInterfaceOrientationPortrait UIInterfaceOrientationPortraitUpsideDown UIInterfaceOrientationLandscapeLeft UIInterfaceOrientationLandscapeRight";
				INFOPLIST_KEY_UISupportedInterfaceOrientations_iPhone = "UIInterfaceOrientationPortrait UIInterfaceOrientationLandscapeLeft UIInterfaceOrientationLandscapeRight";
				IPHONEOS_DEPLOYMENT_TARGET = 15.0;
				LD_RUNPATH_SEARCH_PATHS = (
					"$(inherited)",
					"@executable_path/Frameworks",
				);
				MARKETING_VERSION = 1.0;
				PRODUCT_BUNDLE_IDENTIFIER = com.ota.iOSTask;
				PRODUCT_NAME = "$(TARGET_NAME)";
				SWIFT_EMIT_LOC_STRINGS = YES;
				SWIFT_VERSION = 5.0;
				TARGETED_DEVICE_FAMILY = "1,2";
			};
			name = Release;
		};
		D59867B72CE4A2AE000C210C /* Debug */ = {
			isa = XCBuildConfiguration;
			buildSettings = {
				ALWAYS_EMBED_SWIFT_STANDARD_LIBRARIES = YES;
				BUNDLE_LOADER = "$(TEST_HOST)";
				CODE_SIGN_STYLE = Automatic;
				CURRENT_PROJECT_VERSION = 1;
				GENERATE_INFOPLIST_FILE = YES;
				IPHONEOS_DEPLOYMENT_TARGET = 17.5;
				MARKETING_VERSION = 1.0;
				PRODUCT_BUNDLE_IDENTIFIER = com.ota.iOSTaskTests;
				PRODUCT_NAME = "$(TARGET_NAME)";
				SWIFT_EMIT_LOC_STRINGS = NO;
				SWIFT_VERSION = 5.0;
				TARGETED_DEVICE_FAMILY = "1,2";
				TEST_HOST = "$(BUILT_PRODUCTS_DIR)/iOSTask.app/$(BUNDLE_EXECUTABLE_FOLDER_PATH)/iOSTask";
			};
			name = Debug;
		};
		D59867B82CE4A2AE000C210C /* Release */ = {
			isa = XCBuildConfiguration;
			buildSettings = {
				ALWAYS_EMBED_SWIFT_STANDARD_LIBRARIES = YES;
				BUNDLE_LOADER = "$(TEST_HOST)";
				CODE_SIGN_STYLE = Automatic;
				CURRENT_PROJECT_VERSION = 1;
				GENERATE_INFOPLIST_FILE = YES;
				IPHONEOS_DEPLOYMENT_TARGET = 17.5;
				MARKETING_VERSION = 1.0;
				PRODUCT_BUNDLE_IDENTIFIER = com.ota.iOSTaskTests;
				PRODUCT_NAME = "$(TARGET_NAME)";
				SWIFT_EMIT_LOC_STRINGS = NO;
				SWIFT_VERSION = 5.0;
				TARGETED_DEVICE_FAMILY = "1,2";
				TEST_HOST = "$(BUILT_PRODUCTS_DIR)/iOSTask.app/$(BUNDLE_EXECUTABLE_FOLDER_PATH)/iOSTask";
			};
			name = Release;
		};
		D59867BA2CE4A2AE000C210C /* Debug */ = {
			isa = XCBuildConfiguration;
			buildSettings = {
				ALWAYS_EMBED_SWIFT_STANDARD_LIBRARIES = YES;
				CODE_SIGN_STYLE = Automatic;
				CURRENT_PROJECT_VERSION = 1;
				GENERATE_INFOPLIST_FILE = YES;
				MARKETING_VERSION = 1.0;
				PRODUCT_BUNDLE_IDENTIFIER = com.ota.iOSTaskUITests;
				PRODUCT_NAME = "$(TARGET_NAME)";
				SWIFT_EMIT_LOC_STRINGS = NO;
				SWIFT_VERSION = 5.0;
				TARGETED_DEVICE_FAMILY = "1,2";
				TEST_TARGET_NAME = iOSTask;
			};
			name = Debug;
		};
		D59867BB2CE4A2AE000C210C /* Release */ = {
			isa = XCBuildConfiguration;
			buildSettings = {
				ALWAYS_EMBED_SWIFT_STANDARD_LIBRARIES = YES;
				CODE_SIGN_STYLE = Automatic;
				CURRENT_PROJECT_VERSION = 1;
				GENERATE_INFOPLIST_FILE = YES;
				MARKETING_VERSION = 1.0;
				PRODUCT_BUNDLE_IDENTIFIER = com.ota.iOSTaskUITests;
				PRODUCT_NAME = "$(TARGET_NAME)";
				SWIFT_EMIT_LOC_STRINGS = NO;
				SWIFT_VERSION = 5.0;
				TARGETED_DEVICE_FAMILY = "1,2";
				TEST_TARGET_NAME = iOSTask;
			};
			name = Release;
		};
/* End XCBuildConfiguration section */

/* Begin XCConfigurationList section */
		D598678A2CE4A2AA000C210C /* Build configuration list for PBXProject "iOSTask" */ = {
			isa = XCConfigurationList;
			buildConfigurations = (
				D59867B12CE4A2AE000C210C /* Debug */,
				D59867B22CE4A2AE000C210C /* Release */,
			);
			defaultConfigurationIsVisible = 0;
			defaultConfigurationName = Release;
		};
		D59867B32CE4A2AE000C210C /* Build configuration list for PBXNativeTarget "iOSTask" */ = {
			isa = XCConfigurationList;
			buildConfigurations = (
				D59867B42CE4A2AE000C210C /* Debug */,
				D59867B52CE4A2AE000C210C /* Release */,
			);
			defaultConfigurationIsVisible = 0;
			defaultConfigurationName = Release;
		};
		D59867B62CE4A2AE000C210C /* Build configuration list for PBXNativeTarget "iOSTaskTests" */ = {
			isa = XCConfigurationList;
			buildConfigurations = (
				D59867B72CE4A2AE000C210C /* Debug */,
				D59867B82CE4A2AE000C210C /* Release */,
			);
			defaultConfigurationIsVisible = 0;
			defaultConfigurationName = Release;
		};
		D59867B92CE4A2AE000C210C /* Build configuration list for PBXNativeTarget "iOSTaskUITests" */ = {
			isa = XCConfigurationList;
			buildConfigurations = (
				D59867BA2CE4A2AE000C210C /* Debug */,
				D59867BB2CE4A2AE000C210C /* Release */,
			);
			defaultConfigurationIsVisible = 0;
			defaultConfigurationName = Release;
		};
/* End XCConfigurationList section */
	};
	rootObject = D59867872CE4A2AA000C210C /* Project object */;
}
